
Microsoft Visual Studio Solution File, Format Version 12.00
# Visual Studio Version 16
VisualStudioVersion = 16.0.30523.141
MinimumVisualStudioVersion = 10.0.40219.1
Project("{9A19103F-16F7-4668-BE54-9A1E7A4F7556}") = "ReversibleSignatureAnalyzer", "ReversibleSignatureAnalyzer\ReversibleSignatureAnalyzer.csproj", "{8B222144-023A-42C6-9A51-BBED9AA5F236}"
EndProject
Global
	GlobalSection(SolutionConfigurationPlatforms) = preSolution
		Debug|Any CPU = Debug|Any CPU
		Release|Any CPU = Release|Any CPU
	EndGlobalSection
	GlobalSection(ProjectConfigurationPlatforms) = postSolution
		{8B222144-023A-42C6-9A51-BBED9AA5F236}.Debug|Any CPU.ActiveCfg = Debug|Any CPU
		{8B222144-023A-42C6-9A51-BBED9AA5F236}.Debug|Any CPU.Build.0 = Debug|Any CPU
		{8B222144-023A-42C6-9A51-BBED9AA5F236}.Release|Any CPU.ActiveCfg = Release|Any CPU
		{8B222144-023A-42C6-9A51-BBED9AA5F236}.Release|Any CPU.Build.0 = Release|Any CPU
	EndGlobalSection
	GlobalSection(SolutionProperties) = preSolution
		HideSolutionNode = FALSE
	EndGlobalSection
	GlobalSection(ExtensibilityGlobals) = postSolution
		SolutionGuid = {6D23306D-5E70-409A-BE40-417476120CAA}
	EndGlobalSection
EndGlobal
